
Microsoft Visual Studio Solution File, Format Version 12.00
# Visual Studio 15
VisualStudioVersion = 15.0.28010.2046
MinimumVisualStudioVersion = 10.0.40219.1
Project("{FAE04EC0-301F-11D3-BF4B-00C04F79EFBC}") = "Pomodoro.Android", "Pomodoro\Pomodoro.Android\Pomodoro.Android.csproj", "{41A6F00A-54CF-42EA-B610-0870EDE7D05F}"
EndProject
Project("{FAE04EC0-301F-11D3-BF4B-00C04F79EFBC}") = "Pomodoro.UWP", "Pomodoro\Pomodoro.UWP\Pomodoro.UWP.csproj", "{F051E9E5-B1E2-446E-AAE8-B96E5EAD7B34}"
EndProject
Project("{FAE04EC0-301F-11D3-BF4B-00C04F79EFBC}") = "Pomodoro", "Pomodoro\Pomodoro\Pomodoro.csproj", "{D8992615-734C-4C34-9351-3D195CC54C60}"
EndProject
Global
	GlobalSection(SolutionConfigurationPlatforms) = preSolution
		Debug|Any CPU = Debug|Any CPU
		Debug|ARM = Debug|ARM
		Debug|x64 = Debug|x64
		Debug|x86 = Debug|x86
		Release|Any CPU = Release|Any CPU
		Release|ARM = Release|ARM
		Release|x64 = Release|x64
		Release|x86 = Release|x86
	EndGlobalSection
	GlobalSection(ProjectConfigurationPlatforms) = postSolution
		{41A6F00A-54CF-42EA-B610-0870EDE7D05F}.Debug|Any CPU.ActiveCfg = Debug|Any CPU
		{41A6F00A-54CF-42EA-B610-0870EDE7D05F}.Debug|Any CPU.Build.0 = Debug|Any CPU
		{41A6F00A-54CF-42EA-B610-0870EDE7D05F}.Debug|Any CPU.Deploy.0 = Debug|Any CPU
		{41A6F00A-54CF-42EA-B610-0870EDE7D05F}.Debug|ARM.ActiveCfg = Debug|Any CPU
		{41A6F00A-54CF-42EA-B610-0870EDE7D05F}.Debug|ARM.Build.0 = Debug|Any CPU
		{41A6F00A-54CF-42EA-B610-0870EDE7D05F}.Debug|ARM.Deploy.0 = Debug|Any CPU
		{41A6F00A-54CF-42EA-B610-0870EDE7D05F}.Debug|x64.ActiveCfg = Debug|Any CPU
		{41A6F00A-54CF-42EA-B610-0870EDE7D05F}.Debug|x64.Build.0 = Debug|Any CPU
		{41A6F00A-54CF-42EA-B610-0870EDE7D05F}.Debug|x64.Deploy.0 = Debug|Any CPU
		{41A6F00A-54CF-42EA-B610-0870EDE7D05F}.Debug|x86.ActiveCfg = Debug|Any CPU
		{41A6F00A-54CF-42EA-B610-0870EDE7D05F}.Debug|x86.Build.0 = Debug|Any CPU
		{41A6F00A-54CF-42EA-B610-0870EDE7D05F}.Debug|x86.Deploy.0 = Debug|Any CPU
		{41A6F00A-54CF-42EA-B610-0870EDE7D05F}.Release|Any CPU.ActiveCfg = Release|Any CPU
		{41A6F00A-54CF-42EA-B610-0870EDE7D05F}.Release|Any CPU.Build.0 = Release|Any CPU
		{41A6F00A-54CF-42EA-B610-0870EDE7D05F}.Release|Any CPU.Deploy.0 = Release|Any CPU
		{41A6F00A-54CF-42EA-B610-0870EDE7D05F}.Release|ARM.ActiveCfg = Release|Any CPU
		{41A6F00A-54CF-42EA-B610-0870EDE7D05F}.Release|ARM.Build.0 = Release|Any CPU
		{41A6F00A-54CF-42EA-B610-0870EDE7D05F}.Release|ARM.Deploy.0 = Release|Any CPU
		{41A6F00A-54CF-42EA-B610-0870EDE7D05F}.Release|x64.ActiveCfg = Release|Any CPU
		{41A6F00A-54CF-42EA-B610-0870EDE7D05F}.Release|x64.Build.0 = Release|Any CPU
		{41A6F00A-54CF-42EA-B610-0870EDE7D05F}.Release|x64.Deploy.0 = Release|Any CPU
		{41A6F00A-54CF-42EA-B610-0870EDE7D05F}.Release|x86.ActiveCfg = Release|Any CPU
		{41A6F00A-54CF-42EA-B610-0870EDE7D05F}.Release|x86.Build.0 = Release|Any CPU
		{41A6F00A-54CF-42EA-B610-0870EDE7D05F}.Release|x86.Deploy.0 = Release|Any CPU
		{F051E9E5-B1E2-446E-AAE8-B96E5EAD7B34}.Debug|Any CPU.ActiveCfg = Debug|x86
		{F051E9E5-B1E2-446E-AAE8-B96E5EAD7B34}.Debug|Any CPU.Build.0 = Debug|x86
		{F051E9E5-B1E2-446E-AAE8-B96E5EAD7B34}.Debug|Any CPU.Deploy.0 = Debug|x86
		{F051E9E5-B1E2-446E-AAE8-B96E5EAD7B34}.Debug|ARM.ActiveCfg = Debug|ARM
		{F051E9E5-B1E2-446E-AAE8-B96E5EAD7B34}.Debug|ARM.Build.0 = Debug|ARM
		{F051E9E5-B1E2-446E-AAE8-B96E5EAD7B34}.Debug|ARM.Deploy.0 = Debug|ARM
		{F051E9E5-B1E2-446E-AAE8-B96E5EAD7B34}.Debug|x64.ActiveCfg = Debug|x64
		{F051E9E5-B1E2-446E-AAE8-B96E5EAD7B34}.Debug|x64.Build.0 = Debug|x64
		{F051E9E5-B1E2-446E-AAE8-B96E5EAD7B34}.Debug|x64.Deploy.0 = Debug|x64
		{F051E9E5-B1E2-446E-AAE8-B96E5EAD7B34}.Debug|x86.ActiveCfg = Debug|x86
		{F051E9E5-B1E2-446E-AAE8-B96E5EAD7B34}.Debug|x86.Build.0 = Debug|x86
		{F051E9E5-B1E2-446E-AAE8-B96E5EAD7B34}.Debug|x86.Deploy.0 = Debug|x86
		{F051E9E5-B1E2-446E-AAE8-B96E5EAD7B34}.Release|Any CPU.ActiveCfg = Release|x86
		{F051E9E5-B1E2-446E-AAE8-B96E5EAD7B34}.Release|Any CPU.Build.0 = Release|x86
		{F051E9E5-B1E2-446E-AAE8-B96E5EAD7B34}.Release|Any CPU.Deploy.0 = Release|x86
		{F051E9E5-B1E2-446E-AAE8-B96E5EAD7B34}.Release|ARM.ActiveCfg = Release|ARM
		{F051E9E5-B1E2-446E-AAE8-B96E5EAD7B34}.Release|ARM.Build.0 = Release|ARM
		{F051E9E5-B1E2-446E-AAE8-B96E5EAD7B34}.Release|ARM.Deploy.0 = Release|ARM
		{F051E9E5-B1E2-446E-AAE8-B96E5EAD7B34}.Release|x64.ActiveCfg = Release|x64
		{F051E9E5-B1E2-446E-AAE8-B96E5EAD7B34}.Release|x64.Build.0 = Release|x64
		{F051E9E5-B1E2-446E-AAE8-B96E5EAD7B34}.Release|x64.Deploy.0 = Release|x64
		{F051E9E5-B1E2-446E-AAE8-B96E5EAD7B34}.Release|x86.ActiveCfg = Release|x86
		{F051E9E5-B1E2-446E-AAE8-B96E5EAD7B34}.Release|x86.Build.0 = Release|x86
		{F051E9E5-B1E2-446E-AAE8-B96E5EAD7B34}.Release|x86.Deploy.0 = Release|x86
		{D8992615-734C-4C34-9351-3D195CC54C60}.Debug|Any CPU.ActiveCfg = Debug|Any CPU
		{D8992615-734C-4C34-9351-3D195CC54C60}.Debug|Any CPU.Build.0 = Debug|Any CPU
		{D8992615-734C-4C34-9351-3D195CC54C60}.Debug|Any CPU.Deploy.0 = Debug|Any CPU
		{D8992615-734C-4C34-9351-3D195CC54C60}.Debug|ARM.ActiveCfg = Debug|Any CPU
		{D8992615-734C-4C34-9351-3D195CC54C60}.Debug|ARM.Build.0 = Debug|Any CPU
		{D8992615-734C-4C34-9351-3D195CC54C60}.Debug|ARM.Deploy.0 = Debug|Any CPU
		{D8992615-734C-4C34-9351-3D195CC54C60}.Debug|x64.ActiveCfg = Debug|Any CPU
		{D8992615-734C-4C34-9351-3D195CC54C60}.Debug|x64.Build.0 = Debug|Any CPU
		{D8992615-734C-4C34-9351-3D195CC54C60}.Debug|x64.Deploy.0 = Debug|Any CPU
		{D8992615-734C-4C34-9351-3D195CC54C60}.Debug|x86.ActiveCfg = Debug|Any CPU
		{D8992615-734C-4C34-9351-3D195CC54C60}.Debug|x86.Build.0 = Debug|Any CPU
		{D8992615-734C-4C34-9351-3D195CC54C60}.Debug|x86.Deploy.0 = Debug|Any CPU
		{D8992615-734C-4C34-9351-3D195CC54C60}.Release|Any CPU.ActiveCfg = Release|Any CPU
		{D8992615-734C-4C34-9351-3D195CC54C60}.Release|Any CPU.Build.0 = Release|Any CPU
		{D8992615-734C-4C34-9351-3D195CC54C60}.Release|Any CPU.Deploy.0 = Release|Any CPU
		{D8992615-734C-4C34-9351-3D195CC54C60}.Release|ARM.ActiveCfg = Release|Any CPU
		{D8992615-734C-4C34-9351-3D195CC54C60}.Release|ARM.Build.0 = Release|Any CPU
		{D8992615-734C-4C34-9351-3D195CC54C60}.Release|ARM.Deploy.0 = Release|Any CPU
		{D8992615-734C-4C34-9351-3D195CC54C60}.Release|x64.ActiveCfg = Release|Any CPU
		{D8992615-734C-4C34-9351-3D195CC54C60}.Release|x64.Build.0 = Release|Any CPU
		{D8992615-734C-4C34-9351-3D195CC54C60}.Release|x64.Deploy.0 = Release|Any CPU
		{D8992615-734C-4C34-9351-3D195CC54C60}.Release|x86.ActiveCfg = Release|Any CPU
		{D8992615-734C-4C34-9351-3D195CC54C60}.Release|x86.Build.0 = Release|Any CPU
		{D8992615-734C-4C34-9351-3D195CC54C60}.Release|x86.Deploy.0 = Release|Any CPU
	EndGlobalSection
	GlobalSection(SolutionProperties) = preSolution
		HideSolutionNode = FALSE
	EndGlobalSection
	GlobalSection(ExtensibilityGlobals) = postSolution
		SolutionGuid = {A0DDA746-624D-4D4B-B80E-A8C5E2246CBC}
	EndGlobalSection
EndGlobal
